
Microsoft Visual Studio Solution File, Format Version 12.00
# Visual Studio Version 17
VisualStudioVersion = 17.14.36401.2 d17.14
MinimumVisualStudioVersion = 10.0.40219.1
Project("{FAE04EC0-301F-11D3-BF4B-00C04F79EFBC}") = "Proyecto", "Proyecto\Proyecto.csproj", "{FF26B4D7-A6B9-4F72-88B1-CDF1808387AF}"
EndProject
Global
	GlobalSection(SolutionConfigurationPlatforms) = preSolution
		Debug|Any CPU = Debug|Any CPU
		Release|Any CPU = Release|Any CPU
	EndGlobalSection
	GlobalSection(ProjectConfigurationPlatforms) = postSolution
		{FF26B4D7-A6B9-4F72-88B1-CDF1808387AF}.Debug|Any CPU.ActiveCfg = Debug|Any CPU
		{FF26B4D7-A6B9-4F72-88B1-CDF1808387AF}.Debug|Any CPU.Build.0 = Debug|Any CPU
		{FF26B4D7-A6B9-4F72-88B1-CDF1808387AF}.Release|Any CPU.ActiveCfg = Release|Any CPU
		{FF26B4D7-A6B9-4F72-88B1-CDF1808387AF}.Release|Any CPU.Build.0 = Release|Any CPU
	EndGlobalSection
	GlobalSection(SolutionProperties) = preSolution
		HideSolutionNode = FALSE
	EndGlobalSection
	GlobalSection(ExtensibilityGlobals) = postSolution
		SolutionGuid = {B76B8D9C-1300-4147-8408-975FBFD0DF27}
	EndGlobalSection
EndGlobal
